# THIS IS AN AUTOGENERATED FILE. DO NOT EDIT THIS FILE DIRECTLY.
# yarn lockfile v1


"@liveblocks/client@^0.17.11":
  version "0.17.11"
  resolved "https://registry.yarnpkg.com/@liveblocks/client/-/client-0.17.11.tgz#5130644a11827c4dfa0014bb4ab080e9bdd2e833"
  integrity sha512-ToVzVa6KZE+TnElkV58uTPSKymgQ/fC6mRPtNKGA/SHC8BdgNbULHBV5Van4XWKnoC4BMyC+TAcukwEaeNxREw==

"@liveblocks/zustand@^0.17.11":
  version "0.17.11"
  resolved "https://registry.yarnpkg.com/@liveblocks/zustand/-/zustand-0.17.11.tgz#022be7f5ac78fcc9b6fdd6560951ad20d65cef64"
  integrity sha512-7MriR8wsxEOVDAJRbicqxeE2nJ5y2gzYBXosf0oflD3eWrni2v3ve06Y9zaKBGb0Xckph/49JFVJvgY5eI9AWA==
